// !$*UTF8*$!
{
	archiveVersion = 1;
	classes = {
	};
	objectVersion = 56;
	objects = {

/* Begin PBXBuildFile section */
		3611BE8C2B459F6100FFF2BC /* AppDelegate.swift in Sources */ = {isa = PBXBuildFile; fileRef = 3611BE8B2B459F6100FFF2BC /* AppDelegate.swift */; };
		3611BE8E2B459F6100FFF2BC /* SceneDelegate.swift in Sources */ = {isa = PBXBuildFile; fileRef = 3611BE8D2B459F6100FFF2BC /* SceneDelegate.swift */; };
		3611BE932B459F6100FFF2BC /* Main.storyboard in Resources */ = {isa = PBXBuildFile; fileRef = 3611BE912B459F6100FFF2BC /* Main.storyboard */; };
		3611BE952B459F6200FFF2BC /* Assets.xcassets in Resources */ = {isa = PBXBuildFile; fileRef = 3611BE942B459F6200FFF2BC /* Assets.xcassets */; };
		3611BE982B459F6200FFF2BC /* LaunchScreen.storyboard in Resources */ = {isa = PBXBuildFile; fileRef = 3611BE962B459F6200FFF2BC /* LaunchScreen.storyboard */; };
		3611BEA72B45A46F00FFF2BC /* LoginViewController.swift in Sources */ = {isa = PBXBuildFile; fileRef = 3611BEA62B45A46F00FFF2BC /* LoginViewController.swift */; };
		3611BEAB2B45A79200FFF2BC /* SlideCollectionViewCell.swift in Sources */ = {isa = PBXBuildFile; fileRef = 3611BEA92B45A79200FFF2BC /* SlideCollectionViewCell.swift */; };
		3611BEAC2B45A79200FFF2BC /* SlideCollectionViewCell.xib in Resources */ = {isa = PBXBuildFile; fileRef = 3611BEAA2B45A79200FFF2BC /* SlideCollectionViewCell.xib */; };
		3611BEAE2B45B37A00FFF2BC /* Model.swift in Sources */ = {isa = PBXBuildFile; fileRef = 3611BEAD2B45B37A00FFF2BC /* Model.swift */; };
		3611BEB02B46E68200FFF2BC /* SliderSlides.swift in Sources */ = {isa = PBXBuildFile; fileRef = 3611BEAF2B46E68200FFF2BC /* SliderSlides.swift */; };
		3611BEB22B46E81600FFF2BC /* RegistrationViewController.swift in Sources */ = {isa = PBXBuildFile; fileRef = 3611BEB12B46E81600FFF2BC /* RegistrationViewController.swift */; };
		3611BEB42B46E84600FFF2BC /* AuthorizationViewController.swift in Sources */ = {isa = PBXBuildFile; fileRef = 3611BEB32B46E84600FFF2BC /* AuthorizationViewController.swift */; };
		3611BEB62B46E98900FFF2BC /* AppViewController.swift in Sources */ = {isa = PBXBuildFile; fileRef = 3611BEB52B46E98900FFF2BC /* AppViewController.swift */; };
		3611BEB82B485C6C00FFF2BC /* CheckField.swift in Sources */ = {isa = PBXBuildFile; fileRef = 3611BEB72B485C6C00FFF2BC /* CheckField.swift */; };
		3611BEBA2B4861D600FFF2BC /* Service.swift in Sources */ = {isa = PBXBuildFile; fileRef = 3611BEB92B4861D600FFF2BC /* Service.swift */; };
		36AE25972B4AA491000E6BDB /* FirebaseAuth.framework in Frameworks */ = {isa = PBXBuildFile; fileRef = 36AE25962B4AA491000E6BDB /* FirebaseAuth.framework */; };
		36D9B7752B4AB06000CD138C /* GoogleService-Info.plist in Resources */ = {isa = PBXBuildFile; fileRef = 3611BE9F2B45A0DC00FFF2BC /* GoogleService-Info.plist */; };
		C61C1AF92D3DFF9BBBD6C07F /* Pods_Makko.framework in Frameworks */ = {isa = PBXBuildFile; fileRef = 143AF755982E9EDFBD72293C /* Pods_Makko.framework */; };
/* End PBXBuildFile section */

/* Begin PBXFileReference section */
		143AF755982E9EDFBD72293C /* Pods_Makko.framework */ = {isa = PBXFileReference; explicitFileType = wrapper.framework; includeInIndex = 0; path = Pods_Makko.framework; sourceTree = BUILT_PRODUCTS_DIR; };
		3611BE882B459F6100FFF2BC /* Makko.app */ = {isa = PBXFileReference; explicitFileType = wrapper.application; includeInIndex = 0; path = Makko.app; sourceTree = BUILT_PRODUCTS_DIR; };
		3611BE8B2B459F6100FFF2BC /* AppDelegate.swift */ = {isa = PBXFileReference; lastKnownFileType = sourcecode.swift; path = AppDelegate.swift; sourceTree = "<group>"; };
		3611BE8D2B459F6100FFF2BC /* SceneDelegate.swift */ = {isa = PBXFileReference; lastKnownFileType = sourcecode.swift; path = SceneDelegate.swift; sourceTree = "<group>"; };
		3611BE922B459F6100FFF2BC /* Base */ = {isa = PBXFileReference; lastKnownFileType = file.storyboard; name = Base; path = Base.lproj/Main.storyboard; sourceTree = "<group>"; };
		3611BE942B459F6200FFF2BC /* Assets.xcassets */ = {isa = PBXFileReference; lastKnownFileType = folder.assetcatalog; path = Assets.xcassets; sourceTree = "<group>"; };
		3611BE972B459F6200FFF2BC /* Base */ = {isa = PBXFileReference; lastKnownFileType = file.storyboard; name = Base; path = Base.lproj/LaunchScreen.storyboard; sourceTree = "<group>"; };
		3611BE992B459F6200FFF2BC /* Info.plist */ = {isa = PBXFileReference; lastKnownFileType = text.plist.xml; path = Info.plist; sourceTree = "<group>"; };
		3611BE9F2B45A0DC00FFF2BC /* GoogleService-Info.plist */ = {isa = PBXFileReference; lastKnownFileType = text.plist; path = "GoogleService-Info.plist"; sourceTree = SOURCE_ROOT; };
		3611BEA62B45A46F00FFF2BC /* LoginViewController.swift */ = {isa = PBXFileReference; lastKnownFileType = sourcecode.swift; path = LoginViewController.swift; sourceTree = "<group>"; };
		3611BEA92B45A79200FFF2BC /* SlideCollectionViewCell.swift */ = {isa = PBXFileReference; lastKnownFileType = sourcecode.swift; path = SlideCollectionViewCell.swift; sourceTree = "<group>"; };
		3611BEAA2B45A79200FFF2BC /* SlideCollectionViewCell.xib */ = {isa = PBXFileReference; lastKnownFileType = file.xib; path = SlideCollectionViewCell.xib; sourceTree = "<group>"; };
		3611BEAD2B45B37A00FFF2BC /* Model.swift */ = {isa = PBXFileReference; lastKnownFileType = sourcecode.swift; path = Model.swift; sourceTree = "<group>"; };
		3611BEAF2B46E68200FFF2BC /* SliderSlides.swift */ = {isa = PBXFileReference; lastKnownFileType = sourcecode.swift; path = SliderSlides.swift; sourceTree = "<group>"; };
		3611BEB12B46E81600FFF2BC /* RegistrationViewController.swift */ = {isa = PBXFileReference; lastKnownFileType = sourcecode.swift; path = RegistrationViewController.swift; sourceTree = "<group>"; };
		3611BEB32B46E84600FFF2BC /* AuthorizationViewController.swift */ = {isa = PBXFileReference; lastKnownFileType = sourcecode.swift; path = AuthorizationViewController.swift; sourceTree = "<group>"; };
		3611BEB52B46E98900FFF2BC /* AppViewController.swift */ = {isa = PBXFileReference; lastKnownFileType = sourcecode.swift; path = AppViewController.swift; sourceTree = "<group>"; };
		3611BEB72B485C6C00FFF2BC /* CheckField.swift */ = {isa = PBXFileReference; lastKnownFileType = sourcecode.swift; path = CheckField.swift; sourceTree = "<group>"; };
		3611BEB92B4861D600FFF2BC /* Service.swift */ = {isa = PBXFileReference; lastKnownFileType = sourcecode.swift; path = Service.swift; sourceTree = "<group>"; };
		365A05CB2B4AA8CA00B0B6F0 /* FirebaseFirestore.framework */ = {isa = PBXFileReference; explicitFileType = wrapper.framework; path = FirebaseFirestore.framework; sourceTree = BUILT_PRODUCTS_DIR; };
		36AE25962B4AA491000E6BDB /* FirebaseAuth.framework */ = {isa = PBXFileReference; explicitFileType = wrapper.framework; path = FirebaseAuth.framework; sourceTree = BUILT_PRODUCTS_DIR; };
		A157CCCBB93D826348DBC9DF /* Pods-Makko.debug.xcconfig */ = {isa = PBXFileReference; includeInIndex = 1; lastKnownFileType = text.xcconfig; name = "Pods-Makko.debug.xcconfig"; path = "Target Support Files/Pods-Makko/Pods-Makko.debug.xcconfig"; sourceTree = "<group>"; };
		EFE0F0EAE92F9D1A6FAB3F44 /* Pods-Makko.release.xcconfig */ = {isa = PBXFileReference; includeInIndex = 1; lastKnownFileType = text.xcconfig; name = "Pods-Makko.release.xcconfig"; path = "Target Support Files/Pods-Makko/Pods-Makko.release.xcconfig"; sourceTree = "<group>"; };
/* End PBXFileReference section */

/* Begin PBXFrameworksBuildPhase section */
		3611BE852B459F6100FFF2BC /* Frameworks */ = {
			isa = PBXFrameworksBuildPhase;
			buildActionMask = 2147483647;
			files = (
				36AE25972B4AA491000E6BDB /* FirebaseAuth.framework in Frameworks */,
				C61C1AF92D3DFF9BBBD6C07F /* Pods_Makko.framework in Frameworks */,
			);
			runOnlyForDeploymentPostprocessing = 0;
		};
/* End PBXFrameworksBuildPhase section */

/* Begin PBXGroup section */
		0E945F3B358E1A0DDD691225 /* Frameworks */ = {
			isa = PBXGroup;
			children = (
				365A05CB2B4AA8CA00B0B6F0 /* FirebaseFirestore.framework */,
				36AE25962B4AA491000E6BDB /* FirebaseAuth.framework */,
				143AF755982E9EDFBD72293C /* Pods_Makko.framework */,
			);
			name = Frameworks;
			sourceTree = "<group>";
		};
		3611BE7F2B459F6100FFF2BC = {
			isa = PBXGroup;
			children = (
				3611BE8A2B459F6100FFF2BC /* Makko */,
				3611BE892B459F6100FFF2BC /* Products */,
				AD337F3FEEFDED4049A8F427 /* Pods */,
				0E945F3B358E1A0DDD691225 /* Frameworks */,
			);
			sourceTree = "<group>";
		};
		3611BE892B459F6100FFF2BC /* Products */ = {
			isa = PBXGroup;
			children = (
				3611BE882B459F6100FFF2BC /* Makko.app */,
			);
			name = Products;
			sourceTree = "<group>";
		};
		3611BE8A2B459F6100FFF2BC /* Makko */ = {
			isa = PBXGroup;
			children = (
				3611BEA32B45A39200FFF2BC /* Controller */,
				3611BEA22B45A38800FFF2BC /* View */,
				3611BEA12B45A38000FFF2BC /* Model */,
				3611BE8B2B459F6100FFF2BC /* AppDelegate.swift */,
				3611BE8D2B459F6100FFF2BC /* SceneDelegate.swift */,
				3611BE912B459F6100FFF2BC /* Main.storyboard */,
				3611BE942B459F6200FFF2BC /* Assets.xcassets */,
				3611BE962B459F6200FFF2BC /* LaunchScreen.storyboard */,
				3611BE9F2B45A0DC00FFF2BC /* GoogleService-Info.plist */,
				3611BE992B459F6200FFF2BC /* Info.plist */,
			);
			path = Makko;
			sourceTree = "<group>";
		};
		3611BEA12B45A38000FFF2BC /* Model */ = {
			isa = PBXGroup;
			children = (
				3611BEAD2B45B37A00FFF2BC /* Model.swift */,
				3611BEAF2B46E68200FFF2BC /* SliderSlides.swift */,
				3611BEB72B485C6C00FFF2BC /* CheckField.swift */,
				3611BEB92B4861D600FFF2BC /* Service.swift */,
			);
			path = Model;
			sourceTree = "<group>";
		};
		3611BEA22B45A38800FFF2BC /* View */ = {
			isa = PBXGroup;
			children = (
				3611BEA82B45A74A00FFF2BC /* Slide */,
			);
			path = View;
			sourceTree = "<group>";
		};
		3611BEA32B45A39200FFF2BC /* Controller */ = {
			isa = PBXGroup;
			children = (
				3611BEA52B45A44700FFF2BC /* App */,
				3611BEA42B45A43E00FFF2BC /* Login */,
			);
			path = Controller;
			sourceTree = "<group>";
		};
		3611BEA42B45A43E00FFF2BC /* Login */ = {
			isa = PBXGroup;
			children = (
				3611BEA62B45A46F00FFF2BC /* LoginViewController.swift */,
				3611BEB12B46E81600FFF2BC /* RegistrationViewController.swift */,
				3611BEB32B46E84600FFF2BC /* AuthorizationViewController.swift */,
			);
			path = Login;
			sourceTree = "<group>";
		};
		3611BEA52B45A44700FFF2BC /* App */ = {
			isa = PBXGroup;
			children = (
				3611BEB52B46E98900FFF2BC /* AppViewController.swift */,
			);
			path = App;
			sourceTree = "<group>";
		};
		3611BEA82B45A74A00FFF2BC /* Slide */ = {
			isa = PBXGroup;
			children = (
				3611BEA92B45A79200FFF2BC /* SlideCollectionViewCell.swift */,
				3611BEAA2B45A79200FFF2BC /* SlideCollectionViewCell.xib */,
			);
			path = Slide;
			sourceTree = "<group>";
		};
		AD337F3FEEFDED4049A8F427 /* Pods */ = {
			isa = PBXGroup;
			children = (
				A157CCCBB93D826348DBC9DF /* Pods-Makko.debug.xcconfig */,
				EFE0F0EAE92F9D1A6FAB3F44 /* Pods-Makko.release.xcconfig */,
			);
			path = Pods;
			sourceTree = "<group>";
		};
/* End PBXGroup section */

/* Begin PBXNativeTarget section */
		3611BE872B459F6100FFF2BC /* Makko */ = {
			isa = PBXNativeTarget;
			buildConfigurationList = 3611BE9C2B459F6200FFF2BC /* Build configuration list for PBXNativeTarget "Makko" */;
			buildPhases = (
				663B9B2E7BE1B37CB6628FB9 /* [CP] Check Pods Manifest.lock */,
				3611BE842B459F6100FFF2BC /* Sources */,
				3611BE852B459F6100FFF2BC /* Frameworks */,
				3611BE862B459F6100FFF2BC /* Resources */,
				3EB007A5FD5EA5405D0B29E8 /* [CP] Embed Pods Frameworks */,
			);
			buildRules = (
			);
			dependencies = (
			);
			name = Makko;
			packageProductDependencies = (
			);
			productName = Makko;
			productReference = 3611BE882B459F6100FFF2BC /* Makko.app */;
			productType = "com.apple.product-type.application";
		};
/* End PBXNativeTarget section */

/* Begin PBXProject section */
		3611BE802B459F6100FFF2BC /* Project object */ = {
			isa = PBXProject;
			attributes = {
				BuildIndependentTargetsInParallel = 1;
				LastSwiftUpdateCheck = 1430;
				LastUpgradeCheck = 1430;
				TargetAttributes = {
					3611BE872B459F6100FFF2BC = {
						CreatedOnToolsVersion = 14.3;
					};
				};
			};
			buildConfigurationList = 3611BE832B459F6100FFF2BC /* Build configuration list for PBXProject "Makko" */;
			compatibilityVersion = "Xcode 14.0";
			developmentRegion = en;
			hasScannedForEncodings = 0;
			knownRegions = (
				en,
				Base,
			);
			mainGroup = 3611BE7F2B459F6100FFF2BC;
			packageReferences = (
			);
			productRefGroup = 3611BE892B459F6100FFF2BC /* Products */;
			projectDirPath = "";
			projectRoot = "";
			targets = (
				3611BE872B459F6100FFF2BC /* Makko */,
			);
		};
/* End PBXProject section */

/* Begin PBXResourcesBuildPhase section */
		3611BE862B459F6100FFF2BC /* Resources */ = {
			isa = PBXResourcesBuildPhase;
			buildActionMask = 2147483647;
			files = (
				36D9B7752B4AB06000CD138C /* GoogleService-Info.plist in Resources */,
				3611BE982B459F6200FFF2BC /* LaunchScreen.storyboard in Resources */,
				3611BEAC2B45A79200FFF2BC /* SlideCollectionViewCell.xib in Resources */,
				3611BE952B459F6200FFF2BC /* Assets.xcassets in Resources */,
				3611BE932B459F6100FFF2BC /* Main.storyboard in Resources */,
			);
			runOnlyForDeploymentPostprocessing = 0;
		};
/* End PBXResourcesBuildPhase section */

/* Begin PBXShellScriptBuildPhase section */
		3EB007A5FD5EA5405D0B29E8 /* [CP] Embed Pods Frameworks */ = {
			isa = PBXShellScriptBuildPhase;
			buildActionMask = 2147483647;
			files = (
			);
			inputFileListPaths = (
				"${PODS_ROOT}/Target Support Files/Pods-Makko/Pods-Makko-frameworks-${CONFIGURATION}-input-files.xcfilelist",
			);
			name = "[CP] Embed Pods Frameworks";
			outputFileListPaths = (
				"${PODS_ROOT}/Target Support Files/Pods-Makko/Pods-Makko-frameworks-${CONFIGURATION}-output-files.xcfilelist",
			);
			runOnlyForDeploymentPostprocessing = 0;
			shellPath = /bin/sh;
			shellScript = "\"${PODS_ROOT}/Target Support Files/Pods-Makko/Pods-Makko-frameworks.sh\"\n";
			showEnvVarsInLog = 0;
		};
		663B9B2E7BE1B37CB6628FB9 /* [CP] Check Pods Manifest.lock */ = {
			isa = PBXShellScriptBuildPhase;
			buildActionMask = 2147483647;
			files = (
			);
			inputFileListPaths = (
			);
			inputPaths = (
				"${PODS_PODFILE_DIR_PATH}/Podfile.lock",
				"${PODS_ROOT}/Manifest.lock",
			);
			name = "[CP] Check Pods Manifest.lock";
			outputFileListPaths = (
			);
			outputPaths = (
				"$(DERIVED_FILE_DIR)/Pods-Makko-checkManifestLockResult.txt",
			);
			runOnlyForDeploymentPostprocessing = 0;
			shellPath = /bin/sh;
			shellScript = "diff \"${PODS_PODFILE_DIR_PATH}/Podfile.lock\" \"${PODS_ROOT}/Manifest.lock\" > /dev/null\nif [ $? != 0 ] ; then\n    # print error to STDERR\n    echo \"error: The sandbox is not in sync with the Podfile.lock. Run 'pod install' or update your CocoaPods installation.\" >&2\n    exit 1\nfi\n# This output is used by Xcode 'outputs' to avoid re-running this script phase.\necho \"SUCCESS\" > \"${SCRIPT_OUTPUT_FILE_0}\"\n";
			showEnvVarsInLog = 0;
		};
/* End PBXShellScriptBuildPhase section */

/* Begin PBXSourcesBuildPhase section */
		3611BE842B459F6100FFF2BC /* Sources */ = {
			isa = PBXSourcesBuildPhase;
			buildActionMask = 2147483647;
			files = (
				3611BEAE2B45B37A00FFF2BC /* Model.swift in Sources */,
				3611BEAB2B45A79200FFF2BC /* SlideCollectionViewCell.swift in Sources */,
				3611BEB02B46E68200FFF2BC /* SliderSlides.swift in Sources */,
				3611BEB82B485C6C00FFF2BC /* CheckField.swift in Sources */,
				3611BEA72B45A46F00FFF2BC /* LoginViewController.swift in Sources */,
				3611BEB42B46E84600FFF2BC /* AuthorizationViewController.swift in Sources */,
				3611BEB22B46E81600FFF2BC /* RegistrationViewController.swift in Sources */,
				3611BEB62B46E98900FFF2BC /* AppViewController.swift in Sources */,
				3611BEBA2B4861D600FFF2BC /* Service.swift in Sources */,
				3611BE8C2B459F6100FFF2BC /* AppDelegate.swift in Sources */,
				3611BE8E2B459F6100FFF2BC /* SceneDelegate.swift in Sources */,
			);
			runOnlyForDeploymentPostprocessing = 0;
		};
/* End PBXSourcesBuildPhase section */

/* Begin PBXVariantGroup section */
		3611BE912B459F6100FFF2BC /* Main.storyboard */ = {
			isa = PBXVariantGroup;
			children = (
				3611BE922B459F6100FFF2BC /* Base */,
			);
			name = Main.storyboard;
			sourceTree = "<group>";
		};
		3611BE962B459F6200FFF2BC /* LaunchScreen.storyboard */ = {
			isa = PBXVariantGroup;
			children = (
				3611BE972B459F6200FFF2BC /* Base */,
			);
			name = LaunchScreen.storyboard;
			sourceTree = "<group>";
		};
/* End PBXVariantGroup section */

/* Begin XCBuildConfiguration section */
		3611BE9A2B459F6200FFF2BC /* Debug */ = {
			isa = XCBuildConfiguration;
			buildSettings = {
				ALWAYS_SEARCH_USER_PATHS = NO;
				CLANG_ANALYZER_NONNULL = YES;
				CLANG_ANALYZER_NUMBER_OBJECT_CONVERSION = YES_AGGRESSIVE;
				CLANG_CXX_LANGUAGE_STANDARD = "gnu++20";
				CLANG_ENABLE_MODULES = YES;
				CLANG_ENABLE_OBJC_ARC = YES;
				CLANG_ENABLE_OBJC_WEAK = YES;
				CLANG_WARN_BLOCK_CAPTURE_AUTORELEASING = YES;
				CLANG_WARN_BOOL_CONVERSION = YES;
				CLANG_WARN_COMMA = YES;
				CLANG_WARN_CONSTANT_CONVERSION = YES;
				CLANG_WARN_DEPRECATED_OBJC_IMPLEMENTATIONS = YES;
				CLANG_WARN_DIRECT_OBJC_ISA_USAGE = YES_ERROR;
				CLANG_WARN_DOCUMENTATION_COMMENTS = YES;
				CLANG_WARN_EMPTY_BODY = YES;
				CLANG_WARN_ENUM_CONVERSION = YES;
				CLANG_WARN_INFINITE_RECURSION = YES;
				CLANG_WARN_INT_CONVERSION = YES;
				CLANG_WARN_NON_LITERAL_NULL_CONVERSION = YES;
				CLANG_WARN_OBJC_IMPLICIT_RETAIN_SELF = YES;
				CLANG_WARN_OBJC_LITERAL_CONVERSION = YES;
				CLANG_WARN_OBJC_ROOT_CLASS = YES_ERROR;
				CLANG_WARN_QUOTED_INCLUDE_IN_FRAMEWORK_HEADER = YES;
				CLANG_WARN_RANGE_LOOP_ANALYSIS = YES;
				CLANG_WARN_STRICT_PROTOTYPES = YES;
				CLANG_WARN_SUSPICIOUS_MOVE = YES;
				CLANG_WARN_UNGUARDED_AVAILABILITY = YES_AGGRESSIVE;
				CLANG_WARN_UNREACHABLE_CODE = YES;
				CLANG_WARN__DUPLICATE_METHOD_MATCH = YES;
				COPY_PHASE_STRIP = NO;
				DEBUG_INFORMATION_FORMAT = dwarf;
				ENABLE_STRICT_OBJC_MSGSEND = YES;
				ENABLE_TESTABILITY = YES;
				ENABLE_TESTING_SEARCH_PATHS = NO;
				GCC_C_LANGUAGE_STANDARD = gnu11;
				GCC_DYNAMIC_NO_PIC = NO;
				GCC_NO_COMMON_BLOCKS = YES;
				GCC_OPTIMIZATION_LEVEL = 0;
				GCC_PREPROCESSOR_DEFINITIONS = (
					"DEBUG=1",
					"$(inherited)",
				);
				GCC_WARN_64_TO_32_BIT_CONVERSION = YES;
				GCC_WARN_ABOUT_RETURN_TYPE = YES_ERROR;
				GCC_WARN_UNDECLARED_SELECTOR = YES;
				GCC_WARN_UNINITIALIZED_AUTOS = YES_AGGRESSIVE;
				GCC_WARN_UNUSED_FUNCTION = YES;
				GCC_WARN_UNUSED_VARIABLE = YES;
				IPHONEOS_DEPLOYMENT_TARGET = 16.4;
				MTL_ENABLE_DEBUG_INFO = INCLUDE_SOURCE;
				MTL_FAST_MATH = YES;
				ONLY_ACTIVE_ARCH = YES;
				SDKROOT = iphoneos;
				SWIFT_ACTIVE_COMPILATION_CONDITIONS = DEBUG;
				SWIFT_OPTIMIZATION_LEVEL = "-Onone";
			};
			name = Debug;
		};
		3611BE9B2B459F6200FFF2BC /* Release */ = {
			isa = XCBuildConfiguration;
			buildSettings = {
				ALWAYS_SEARCH_USER_PATHS = NO;
				CLANG_ANALYZER_NONNULL = YES;
				CLANG_ANALYZER_NUMBER_OBJECT_CONVERSION = YES_AGGRESSIVE;
				CLANG_CXX_LANGUAGE_STANDARD = "gnu++20";
				CLANG_ENABLE_MODULES = YES;
				CLANG_ENABLE_OBJC_ARC = YES;
				CLANG_ENABLE_OBJC_WEAK = YES;
				CLANG_WARN_BLOCK_CAPTURE_AUTORELEASING = YES;
				CLANG_WARN_BOOL_CONVERSION = YES;
				CLANG_WARN_COMMA = YES;
				CLANG_WARN_CONSTANT_CONVERSION = YES;
				CLANG_WARN_DEPRECATED_OBJC_IMPLEMENTATIONS = YES;
				CLANG_WARN_DIRECT_OBJC_ISA_USAGE = YES_ERROR;
				CLANG_WARN_DOCUMENTATION_COMMENTS = YES;
				CLANG_WARN_EMPTY_BODY = YES;
				CLANG_WARN_ENUM_CONVERSION = YES;
				CLANG_WARN_INFINITE_RECURSION = YES;
				CLANG_WARN_INT_CONVERSION = YES;
				CLANG_WARN_NON_LITERAL_NULL_CONVERSION = YES;
				CLANG_WARN_OBJC_IMPLICIT_RETAIN_SELF = YES;
				CLANG_WARN_OBJC_LITERAL_CONVERSION = YES;
				CLANG_WARN_OBJC_ROOT_CLASS = YES_ERROR;
				CLANG_WARN_QUOTED_INCLUDE_IN_FRAMEWORK_HEADER = YES;
				CLANG_WARN_RANGE_LOOP_ANALYSIS = YES;
				CLANG_WARN_STRICT_PROTOTYPES = YES;
				CLANG_WARN_SUSPICIOUS_MOVE = YES;
				CLANG_WARN_UNGUARDED_AVAILABILITY = YES_AGGRESSIVE;
				CLANG_WARN_UNREACHABLE_CODE = YES;
				CLANG_WARN__DUPLICATE_METHOD_MATCH = YES;
				COPY_PHASE_STRIP = NO;
				DEBUG_INFORMATION_FORMAT = "dwarf-with-dsym";
				ENABLE_NS_ASSERTIONS = NO;
				ENABLE_STRICT_OBJC_MSGSEND = YES;
				ENABLE_TESTING_SEARCH_PATHS = NO;
				GCC_C_LANGUAGE_STANDARD = gnu11;
				GCC_NO_COMMON_BLOCKS = YES;
				GCC_WARN_64_TO_32_BIT_CONVERSION = YES;
				GCC_WARN_ABOUT_RETURN_TYPE = YES_ERROR;
				GCC_WARN_UNDECLARED_SELECTOR = YES;
				GCC_WARN_UNINITIALIZED_AUTOS = YES_AGGRESSIVE;
				GCC_WARN_UNUSED_FUNCTION = YES;
				GCC_WARN_UNUSED_VARIABLE = YES;
				IPHONEOS_DEPLOYMENT_TARGET = 16.4;
				MTL_ENABLE_DEBUG_INFO = NO;
				MTL_FAST_MATH = YES;
				SDKROOT = iphoneos;
				SWIFT_COMPILATION_MODE = wholemodule;
				SWIFT_OPTIMIZATION_LEVEL = "-O";
				VALIDATE_PRODUCT = YES;
			};
			name = Release;
		};
		3611BE9D2B459F6200FFF2BC /* Debug */ = {
			isa = XCBuildConfiguration;
			baseConfigurationReference = A157CCCBB93D826348DBC9DF /* Pods-Makko.debug.xcconfig */;
			buildSettings = {
				ASSETCATALOG_COMPILER_APPICON_NAME = AppIcon;
				ASSETCATALOG_COMPILER_GLOBAL_ACCENT_COLOR_NAME = AccentColor;
				CODE_SIGN_STYLE = Automatic;
				CURRENT_PROJECT_VERSION = 1;
				DEVELOPMENT_TEAM = S35L7N92X8;
				GENERATE_INFOPLIST_FILE = YES;
				INFOPLIST_FILE = Makko/Info.plist;
				INFOPLIST_KEY_UIApplicationSupportsIndirectInputEvents = YES;
				INFOPLIST_KEY_UILaunchStoryboardName = LaunchScreen;
				INFOPLIST_KEY_UIMainStoryboardFile = Main;
				INFOPLIST_KEY_UISupportedInterfaceOrientations = UIInterfaceOrientationPortrait;
				LD_RUNPATH_SEARCH_PATHS = (
					"$(inherited)",
					"@executable_path/Frameworks",
				);
				MARKETING_VERSION = 1.0;
				ONLY_ACTIVE_ARCH = YES;
				PRODUCT_BUNDLE_IDENTIFIER = Makeev095.Makko;
				PRODUCT_NAME = "$(TARGET_NAME)";
				SWIFT_EMIT_LOC_STRINGS = YES;
				SWIFT_VERSION = 5.0;
				TARGETED_DEVICE_FAMILY = "1,2";
			};
			name = Debug;
		};
		3611BE9E2B459F6200FFF2BC /* Release */ = {
			isa = XCBuildConfiguration;
			baseConfigurationReference = EFE0F0EAE92F9D1A6FAB3F44 /* Pods-Makko.release.xcconfig */;
			buildSettings = {
				ASSETCATALOG_COMPILER_APPICON_NAME = AppIcon;
				ASSETCATALOG_COMPILER_GLOBAL_ACCENT_COLOR_NAME = AccentColor;
				CODE_SIGN_STYLE = Automatic;
				CURRENT_PROJECT_VERSION = 1;
				DEVELOPMENT_TEAM = S35L7N92X8;
				GENERATE_INFOPLIST_FILE = YES;
				INFOPLIST_FILE = Makko/Info.plist;
				INFOPLIST_KEY_UIApplicationSupportsIndirectInputEvents = YES;
				INFOPLIST_KEY_UILaunchStoryboardName = LaunchScreen;
				INFOPLIST_KEY_UIMainStoryboardFile = Main;
				INFOPLIST_KEY_UISupportedInterfaceOrientations = UIInterfaceOrientationPortrait;
				LD_RUNPATH_SEARCH_PATHS = (
					"$(inherited)",
					"@executable_path/Frameworks",
				);
				MARKETING_VERSION = 1.0;
				ONLY_ACTIVE_ARCH = NO;
				PRODUCT_BUNDLE_IDENTIFIER = Makeev095.Makko;
				PRODUCT_NAME = "$(TARGET_NAME)";
				SWIFT_EMIT_LOC_STRINGS = YES;
				SWIFT_VERSION = 5.0;
				TARGETED_DEVICE_FAMILY = "1,2";
			};
			name = Release;
		};
/* End XCBuildConfiguration section */

/* Begin XCConfigurationList section */
		3611BE832B459F6100FFF2BC /* Build configuration list for PBXProject "Makko" */ = {
			isa = XCConfigurationList;
			buildConfigurations = (
				3611BE9A2B459F6200FFF2BC /* Debug */,
				3611BE9B2B459F6200FFF2BC /* Release */,
			);
			defaultConfigurationIsVisible = 0;
			defaultConfigurationName = Release;
		};
		3611BE9C2B459F6200FFF2BC /* Build configuration list for PBXNativeTarget "Makko" */ = {
			isa = XCConfigurationList;
			buildConfigurations = (
				3611BE9D2B459F6200FFF2BC /* Debug */,
				3611BE9E2B459F6200FFF2BC /* Release */,
			);
			defaultConfigurationIsVisible = 0;
			defaultConfigurationName = Release;
		};
/* End XCConfigurationList section */
	};
	rootObject = 3611BE802B459F6100FFF2BC /* Project object */;
}
